{
  "name": "flash_cards2",
  "version": "0.0.2",
  "lockfileVersion": 1,
  "requires": true,
  "dependencies": {
    "@webcomponents/webcomponentsjs": {
      "version": "1.0.19",
      "resolved": "https://registry.npmjs.org/@webcomponents/webcomponentsjs/-/webcomponentsjs-1.0.19.tgz",
      "integrity": "sha512-+9y9b9Mj8PHQCXQTi0C+LESvz0PI/lGYkAlGygNUG7/Dbj7PaiEet2Bh2g5//6vFx5Q5GxWekumUHJnbLnmZow=="
    },
    "morphdom": {
      "version": "github:kozmanbalint/morphdom#6e38994fa278a0861b6353fa5e07386e611f6aca"
    },
    "ta-dom-components": {
      "version": "0.0.8",
      "resolved": "https://registry.npmjs.org/ta-dom-components/-/ta-dom-components-0.0.8.tgz",
      "integrity": "sha512-gJV55eIErdc/BD+mwNYeKJBq8KRda7aLIXCeokq+vGTSQUInP+QezEMO0dPISZAZdxDrzLMShwYmni26MhZYdg==",
      "requires": {
        "@webcomponents/webcomponentsjs": "1.0.19",
        "morphdom": "github:kozmanbalint/morphdom#6e38994fa278a0861b6353fa5e07386e611f6aca",
        "ta-dom": "0.0.6"
      },
      "dependencies": {
        "ta-dom": {
          "version": "0.0.6",
          "resolved": "https://registry.npmjs.org/ta-dom/-/ta-dom-0.0.6.tgz",
          "integrity": "sha512-xO9ie3kYCZCmjPR5Re0I0y+lGnFDs0SImLvPnM9eHkGp9YU1/GcKtMpFn9AhR0eKn+7Mn9PRLq3M4yIIZiSSPg=="
        }
      }
    }
  }
}
